// !$*UTF8*$!
{
	archiveVersion = 1;
	classes = {
	};
	objectVersion = 56;
	objects = {

/* Begin PBXBuildFile section */
		CC2F8E6228DD8A690003D4E7 /* AppDelegate.swift in Sources */ = {isa = PBXBuildFile; fileRef = CC2F8E6128DD8A690003D4E7 /* AppDelegate.swift */; };
		CC2F8E6428DD8A690003D4E7 /* SceneDelegate.swift in Sources */ = {isa = PBXBuildFile; fileRef = CC2F8E6328DD8A690003D4E7 /* SceneDelegate.swift */; };
		CC2F8E6628DD8A690003D4E7 /* ViewController.swift in Sources */ = {isa = PBXBuildFile; fileRef = CC2F8E6528DD8A690003D4E7 /* ViewController.swift */; };
		CC2F8E6928DD8A690003D4E7 /* Main.storyboard in Resources */ = {isa = PBXBuildFile; fileRef = CC2F8E6728DD8A690003D4E7 /* Main.storyboard */; };
		CC2F8E6C28DD8A690003D4E7 /* NoteWizard.xcdatamodeld in Sources */ = {isa = PBXBuildFile; fileRef = CC2F8E6A28DD8A690003D4E7 /* NoteWizard.xcdatamodeld */; };
		CC2F8E6E28DD8A6A0003D4E7 /* Assets.xcassets in Resources */ = {isa = PBXBuildFile; fileRef = CC2F8E6D28DD8A6A0003D4E7 /* Assets.xcassets */; };
		CC2F8E7128DD8A6A0003D4E7 /* LaunchScreen.storyboard in Resources */ = {isa = PBXBuildFile; fileRef = CC2F8E6F28DD8A6A0003D4E7 /* LaunchScreen.storyboard */; };
		CC2F8E7C28DD8A6A0003D4E7 /* NoteWizardTests.swift in Sources */ = {isa = PBXBuildFile; fileRef = CC2F8E7B28DD8A6A0003D4E7 /* NoteWizardTests.swift */; };
		CC2F8E8628DD8A6A0003D4E7 /* NoteWizardUITests.swift in Sources */ = {isa = PBXBuildFile; fileRef = CC2F8E8528DD8A6A0003D4E7 /* NoteWizardUITests.swift */; };
		CC2F8E8828DD8A6A0003D4E7 /* NoteWizardUITestsLaunchTests.swift in Sources */ = {isa = PBXBuildFile; fileRef = CC2F8E8728DD8A6A0003D4E7 /* NoteWizardUITestsLaunchTests.swift */; };
/* End PBXBuildFile section */

/* Begin PBXContainerItemProxy section */
		CC2F8E7828DD8A6A0003D4E7 /* PBXContainerItemProxy */ = {
			isa = PBXContainerItemProxy;
			containerPortal = CC2F8E5628DD8A690003D4E7 /* Project object */;
			proxyType = 1;
			remoteGlobalIDString = CC2F8E5D28DD8A690003D4E7;
			remoteInfo = NoteWizard;
		};
		CC2F8E8228DD8A6A0003D4E7 /* PBXContainerItemProxy */ = {
			isa = PBXContainerItemProxy;
			containerPortal = CC2F8E5628DD8A690003D4E7 /* Project object */;
			proxyType = 1;
			remoteGlobalIDString = CC2F8E5D28DD8A690003D4E7;
			remoteInfo = NoteWizard;
		};
/* End PBXContainerItemProxy section */

/* Begin PBXFileReference section */
		CC2F8E5E28DD8A690003D4E7 /* NoteWizard.app */ = {isa = PBXFileReference; explicitFileType = wrapper.application; includeInIndex = 0; path = NoteWizard.app; sourceTree = BUILT_PRODUCTS_DIR; };
		CC2F8E6128DD8A690003D4E7 /* AppDelegate.swift */ = {isa = PBXFileReference; lastKnownFileType = sourcecode.swift; path = AppDelegate.swift; sourceTree = "<group>"; };
		CC2F8E6328DD8A690003D4E7 /* SceneDelegate.swift */ = {isa = PBXFileReference; lastKnownFileType = sourcecode.swift; path = SceneDelegate.swift; sourceTree = "<group>"; };
		CC2F8E6528DD8A690003D4E7 /* ViewController.swift */ = {isa = PBXFileReference; lastKnownFileType = sourcecode.swift; path = ViewController.swift; sourceTree = "<group>"; };
		CC2F8E6828DD8A690003D4E7 /* Base */ = {isa = PBXFileReference; lastKnownFileType = file.storyboard; name = Base; path = Base.lproj/Main.storyboard; sourceTree = "<group>"; };
		CC2F8E6B28DD8A690003D4E7 /* NoteWizard.xcdatamodel */ = {isa = PBXFileReference; lastKnownFileType = wrapper.xcdatamodel; path = NoteWizard.xcdatamodel; sourceTree = "<group>"; };
		CC2F8E6D28DD8A6A0003D4E7 /* Assets.xcassets */ = {isa = PBXFileReference; lastKnownFileType = folder.assetcatalog; path = Assets.xcassets; sourceTree = "<group>"; };
		CC2F8E7028DD8A6A0003D4E7 /* Base */ = {isa = PBXFileReference; lastKnownFileType = file.storyboard; name = Base; path = Base.lproj/LaunchScreen.storyboard; sourceTree = "<group>"; };
		CC2F8E7228DD8A6A0003D4E7 /* Info.plist */ = {isa = PBXFileReference; lastKnownFileType = text.plist.xml; path = Info.plist; sourceTree = "<group>"; };
		CC2F8E7728DD8A6A0003D4E7 /* NoteWizardTests.xctest */ = {isa = PBXFileReference; explicitFileType = wrapper.cfbundle; includeInIndex = 0; path = NoteWizardTests.xctest; sourceTree = BUILT_PRODUCTS_DIR; };
		CC2F8E7B28DD8A6A0003D4E7 /* NoteWizardTests.swift */ = {isa = PBXFileReference; lastKnownFileType = sourcecode.swift; path = NoteWizardTests.swift; sourceTree = "<group>"; };
		CC2F8E8128DD8A6A0003D4E7 /* NoteWizardUITests.xctest */ = {isa = PBXFileReference; explicitFileType = wrapper.cfbundle; includeInIndex = 0; path = NoteWizardUITests.xctest; sourceTree = BUILT_PRODUCTS_DIR; };
		CC2F8E8528DD8A6A0003D4E7 /* NoteWizardUITests.swift */ = {isa = PBXFileReference; lastKnownFileType = sourcecode.swift; path = NoteWizardUITests.swift; sourceTree = "<group>"; };
		CC2F8E8728DD8A6A0003D4E7 /* NoteWizardUITestsLaunchTests.swift */ = {isa = PBXFileReference; lastKnownFileType = sourcecode.swift; path = NoteWizardUITestsLaunchTests.swift; sourceTree = "<group>"; };
/* End PBXFileReference section */

/* Begin PBXFrameworksBuildPhase section */
		CC2F8E5B28DD8A690003D4E7 /* Frameworks */ = {
			isa = PBXFrameworksBuildPhase;
			buildActionMask = 2147483647;
			files = (
			);
			runOnlyForDeploymentPostprocessing = 0;
		};
		CC2F8E7428DD8A6A0003D4E7 /* Frameworks */ = {
			isa = PBXFrameworksBuildPhase;
			buildActionMask = 2147483647;
			files = (
			);
			runOnlyForDeploymentPostprocessing = 0;
		};
		CC2F8E7E28DD8A6A0003D4E7 /* Frameworks */ = {
			isa = PBXFrameworksBuildPhase;
			buildActionMask = 2147483647;
			files = (
			);
			runOnlyForDeploymentPostprocessing = 0;
		};
/* End PBXFrameworksBuildPhase section */

/* Begin PBXGroup section */
		CC2F8E5528DD8A690003D4E7 = {
			isa = PBXGroup;
			children = (
				CC2F8E6028DD8A690003D4E7 /* NoteWizard */,
				CC2F8E7A28DD8A6A0003D4E7 /* NoteWizardTests */,
				CC2F8E8428DD8A6A0003D4E7 /* NoteWizardUITests */,
				CC2F8E5F28DD8A690003D4E7 /* Products */,
			);
			sourceTree = "<group>";
		};
		CC2F8E5F28DD8A690003D4E7 /* Products */ = {
			isa = PBXGroup;
			children = (
				CC2F8E5E28DD8A690003D4E7 /* NoteWizard.app */,
				CC2F8E7728DD8A6A0003D4E7 /* NoteWizardTests.xctest */,
				CC2F8E8128DD8A6A0003D4E7 /* NoteWizardUITests.xctest */,
			);
			name = Products;
			sourceTree = "<group>";
		};
		CC2F8E6028DD8A690003D4E7 /* NoteWizard */ = {
			isa = PBXGroup;
			children = (
				CC2F8E6128DD8A690003D4E7 /* AppDelegate.swift */,
				CC2F8E6328DD8A690003D4E7 /* SceneDelegate.swift */,
				CC2F8E6528DD8A690003D4E7 /* ViewController.swift */,
				CC2F8E6728DD8A690003D4E7 /* Main.storyboard */,
				CC2F8E6D28DD8A6A0003D4E7 /* Assets.xcassets */,
				CC2F8E6F28DD8A6A0003D4E7 /* LaunchScreen.storyboard */,
				CC2F8E7228DD8A6A0003D4E7 /* Info.plist */,
				CC2F8E6A28DD8A690003D4E7 /* NoteWizard.xcdatamodeld */,
			);
			path = NoteWizard;
			sourceTree = "<group>";
		};
		CC2F8E7A28DD8A6A0003D4E7 /* NoteWizardTests */ = {
			isa = PBXGroup;
			children = (
				CC2F8E7B28DD8A6A0003D4E7 /* NoteWizardTests.swift */,
			);
			path = NoteWizardTests;
			sourceTree = "<group>";
		};
		CC2F8E8428DD8A6A0003D4E7 /* NoteWizardUITests */ = {
			isa = PBXGroup;
			children = (
				CC2F8E8528DD8A6A0003D4E7 /* NoteWizardUITests.swift */,
				CC2F8E8728DD8A6A0003D4E7 /* NoteWizardUITestsLaunchTests.swift */,
			);
			path = NoteWizardUITests;
			sourceTree = "<group>";
		};
/* End PBXGroup section */

/* Begin PBXNativeTarget section */
		CC2F8E5D28DD8A690003D4E7 /* NoteWizard */ = {
			isa = PBXNativeTarget;
			buildConfigurationList = CC2F8E8B28DD8A6A0003D4E7 /* Build configuration list for PBXNativeTarget "NoteWizard" */;
			buildPhases = (
				CC2F8E5A28DD8A690003D4E7 /* Sources */,
				CC2F8E5B28DD8A690003D4E7 /* Frameworks */,
				CC2F8E5C28DD8A690003D4E7 /* Resources */,
			);
			buildRules = (
			);
			dependencies = (
			);
			name = NoteWizard;
			productName = NoteWizard;
			productReference = CC2F8E5E28DD8A690003D4E7 /* NoteWizard.app */;
			productType = "com.apple.product-type.application";
		};
		CC2F8E7628DD8A6A0003D4E7 /* NoteWizardTests */ = {
			isa = PBXNativeTarget;
			buildConfigurationList = CC2F8E8E28DD8A6A0003D4E7 /* Build configuration list for PBXNativeTarget "NoteWizardTests" */;
			buildPhases = (
				CC2F8E7328DD8A6A0003D4E7 /* Sources */,
				CC2F8E7428DD8A6A0003D4E7 /* Frameworks */,
				CC2F8E7528DD8A6A0003D4E7 /* Resources */,
			);
			buildRules = (
			);
			dependencies = (
				CC2F8E7928DD8A6A0003D4E7 /* PBXTargetDependency */,
			);
			name = NoteWizardTests;
			productName = NoteWizardTests;
			productReference = CC2F8E7728DD8A6A0003D4E7 /* NoteWizardTests.xctest */;
			productType = "com.apple.product-type.bundle.unit-test";
		};
		CC2F8E8028DD8A6A0003D4E7 /* NoteWizardUITests */ = {
			isa = PBXNativeTarget;
			buildConfigurationList = CC2F8E9128DD8A6A0003D4E7 /* Build configuration list for PBXNativeTarget "NoteWizardUITests" */;
			buildPhases = (
				CC2F8E7D28DD8A6A0003D4E7 /* Sources */,
				CC2F8E7E28DD8A6A0003D4E7 /* Frameworks */,
				CC2F8E7F28DD8A6A0003D4E7 /* Resources */,
			);
			buildRules = (
			);
			dependencies = (
				CC2F8E8328DD8A6A0003D4E7 /* PBXTargetDependency */,
			);
			name = NoteWizardUITests;
			productName = NoteWizardUITests;
			productReference = CC2F8E8128DD8A6A0003D4E7 /* NoteWizardUITests.xctest */;
			productType = "com.apple.product-type.bundle.ui-testing";
		};
/* End PBXNativeTarget section */

/* Begin PBXProject section */
		CC2F8E5628DD8A690003D4E7 /* Project object */ = {
			isa = PBXProject;
			attributes = {
				BuildIndependentTargetsInParallel = 1;
				LastSwiftUpdateCheck = 1400;
				LastUpgradeCheck = 1400;
				TargetAttributes = {
					CC2F8E5D28DD8A690003D4E7 = {
						CreatedOnToolsVersion = 14.0;
					};
					CC2F8E7628DD8A6A0003D4E7 = {
						CreatedOnToolsVersion = 14.0;
						TestTargetID = CC2F8E5D28DD8A690003D4E7;
					};
					CC2F8E8028DD8A6A0003D4E7 = {
						CreatedOnToolsVersion = 14.0;
						TestTargetID = CC2F8E5D28DD8A690003D4E7;
					};
				};
			};
			buildConfigurationList = CC2F8E5928DD8A690003D4E7 /* Build configuration list for PBXProject "NoteWizard" */;
			compatibilityVersion = "Xcode 14.0";
			developmentRegion = en;
			hasScannedForEncodings = 0;
			knownRegions = (
				en,
				Base,
			);
			mainGroup = CC2F8E5528DD8A690003D4E7;
			productRefGroup = CC2F8E5F28DD8A690003D4E7 /* Products */;
			projectDirPath = "";
			projectRoot = "";
			targets = (
				CC2F8E5D28DD8A690003D4E7 /* NoteWizard */,
				CC2F8E7628DD8A6A0003D4E7 /* NoteWizardTests */,
				CC2F8E8028DD8A6A0003D4E7 /* NoteWizardUITests */,
			);
		};
/* End PBXProject section */

/* Begin PBXResourcesBuildPhase section */
		CC2F8E5C28DD8A690003D4E7 /* Resources */ = {
			isa = PBXResourcesBuildPhase;
			buildActionMask = 2147483647;
			files = (
				CC2F8E7128DD8A6A0003D4E7 /* LaunchScreen.storyboard in Resources */,
				CC2F8E6E28DD8A6A0003D4E7 /* Assets.xcassets in Resources */,
				CC2F8E6928DD8A690003D4E7 /* Main.storyboard in Resources */,
			);
			runOnlyForDeploymentPostprocessing = 0;
		};
		CC2F8E7528DD8A6A0003D4E7 /* Resources */ = {
			isa = PBXResourcesBuildPhase;
			buildActionMask = 2147483647;
			files = (
			);
			runOnlyForDeploymentPostprocessing = 0;
		};
		CC2F8E7F28DD8A6A0003D4E7 /* Resources */ = {
			isa = PBXResourcesBuildPhase;
			buildActionMask = 2147483647;
			files = (
			);
			runOnlyForDeploymentPostprocessing = 0;
		};
/* End PBXResourcesBuildPhase section */

/* Begin PBXSourcesBuildPhase section */
		CC2F8E5A28DD8A690003D4E7 /* Sources */ = {
			isa = PBXSourcesBuildPhase;
			buildActionMask = 2147483647;
			files = (
				CC2F8E6628DD8A690003D4E7 /* ViewController.swift in Sources */,
				CC2F8E6228DD8A690003D4E7 /* AppDelegate.swift in Sources */,
				CC2F8E6C28DD8A690003D4E7 /* NoteWizard.xcdatamodeld in Sources */,
				CC2F8E6428DD8A690003D4E7 /* SceneDelegate.swift in Sources */,
			);
			runOnlyForDeploymentPostprocessing = 0;
		};
		CC2F8E7328DD8A6A0003D4E7 /* Sources */ = {
			isa = PBXSourcesBuildPhase;
			buildActionMask = 2147483647;
			files = (
				CC2F8E7C28DD8A6A0003D4E7 /* NoteWizardTests.swift in Sources */,
			);
			runOnlyForDeploymentPostprocessing = 0;
		};
		CC2F8E7D28DD8A6A0003D4E7 /* Sources */ = {
			isa = PBXSourcesBuildPhase;
			buildActionMask = 2147483647;
			files = (
				CC2F8E8628DD8A6A0003D4E7 /* NoteWizardUITests.swift in Sources */,
				CC2F8E8828DD8A6A0003D4E7 /* NoteWizardUITestsLaunchTests.swift in Sources */,
			);
			runOnlyForDeploymentPostprocessing = 0;
		};
/* End PBXSourcesBuildPhase section */

/* Begin PBXTargetDependency section */
		CC2F8E7928DD8A6A0003D4E7 /* PBXTargetDependency */ = {
			isa = PBXTargetDependency;
			target = CC2F8E5D28DD8A690003D4E7 /* NoteWizard */;
			targetProxy = CC2F8E7828DD8A6A0003D4E7 /* PBXContainerItemProxy */;
		};
		CC2F8E8328DD8A6A0003D4E7 /* PBXTargetDependency */ = {
			isa = PBXTargetDependency;
			target = CC2F8E5D28DD8A690003D4E7 /* NoteWizard */;
			targetProxy = CC2F8E8228DD8A6A0003D4E7 /* PBXContainerItemProxy */;
		};
/* End PBXTargetDependency section */

/* Begin PBXVariantGroup section */
		CC2F8E6728DD8A690003D4E7 /* Main.storyboard */ = {
			isa = PBXVariantGroup;
			children = (
				CC2F8E6828DD8A690003D4E7 /* Base */,
			);
			name = Main.storyboard;
			sourceTree = "<group>";
		};
		CC2F8E6F28DD8A6A0003D4E7 /* LaunchScreen.storyboard */ = {
			isa = PBXVariantGroup;
			children = (
				CC2F8E7028DD8A6A0003D4E7 /* Base */,
			);
			name = LaunchScreen.storyboard;
			sourceTree = "<group>";
		};
/* End PBXVariantGroup section */

/* Begin XCBuildConfiguration section */
		CC2F8E8928DD8A6A0003D4E7 /* Debug */ = {
			isa = XCBuildConfiguration;
			buildSettings = {
				ALWAYS_SEARCH_USER_PATHS = NO;
				CLANG_ANALYZER_NONNULL = YES;
				CLANG_ANALYZER_NUMBER_OBJECT_CONVERSION = YES_AGGRESSIVE;
				CLANG_CXX_LANGUAGE_STANDARD = "gnu++20";
				CLANG_ENABLE_MODULES = YES;
				CLANG_ENABLE_OBJC_ARC = YES;
				CLANG_ENABLE_OBJC_WEAK = YES;
				CLANG_WARN_BLOCK_CAPTURE_AUTORELEASING = YES;
				CLANG_WARN_BOOL_CONVERSION = YES;
				CLANG_WARN_COMMA = YES;
				CLANG_WARN_CONSTANT_CONVERSION = YES;
				CLANG_WARN_DEPRECATED_OBJC_IMPLEMENTATIONS = YES;
				CLANG_WARN_DIRECT_OBJC_ISA_USAGE = YES_ERROR;
				CLANG_WARN_DOCUMENTATION_COMMENTS = YES;
				CLANG_WARN_EMPTY_BODY = YES;
				CLANG_WARN_ENUM_CONVERSION = YES;
				CLANG_WARN_INFINITE_RECURSION = YES;
				CLANG_WARN_INT_CONVERSION = YES;
				CLANG_WARN_NON_LITERAL_NULL_CONVERSION = YES;
				CLANG_WARN_OBJC_IMPLICIT_RETAIN_SELF = YES;
				CLANG_WARN_OBJC_LITERAL_CONVERSION = YES;
				CLANG_WARN_OBJC_ROOT_CLASS = YES_ERROR;
				CLANG_WARN_QUOTED_INCLUDE_IN_FRAMEWORK_HEADER = YES;
				CLANG_WARN_RANGE_LOOP_ANALYSIS = YES;
				CLANG_WARN_STRICT_PROTOTYPES = YES;
				CLANG_WARN_SUSPICIOUS_MOVE = YES;
				CLANG_WARN_UNGUARDED_AVAILABILITY = YES_AGGRESSIVE;
				CLANG_WARN_UNREACHABLE_CODE = YES;
				CLANG_WARN__DUPLICATE_METHOD_MATCH = YES;
				COPY_PHASE_STRIP = NO;
				DEBUG_INFORMATION_FORMAT = dwarf;
				ENABLE_STRICT_OBJC_MSGSEND = YES;
				ENABLE_TESTABILITY = YES;
				GCC_C_LANGUAGE_STANDARD = gnu11;
				GCC_DYNAMIC_NO_PIC = NO;
				GCC_NO_COMMON_BLOCKS = YES;
				GCC_OPTIMIZATION_LEVEL = 0;
				GCC_PREPROCESSOR_DEFINITIONS = (
					"DEBUG=1",
					"$(inherited)",
				);
				GCC_WARN_64_TO_32_BIT_CONVERSION = YES;
				GCC_WARN_ABOUT_RETURN_TYPE = YES_ERROR;
				GCC_WARN_UNDECLARED_SELECTOR = YES;
				GCC_WARN_UNINITIALIZED_AUTOS = YES_AGGRESSIVE;
				GCC_WARN_UNUSED_FUNCTION = YES;
				GCC_WARN_UNUSED_VARIABLE = YES;
				IPHONEOS_DEPLOYMENT_TARGET = 16.0;
				MTL_ENABLE_DEBUG_INFO = INCLUDE_SOURCE;
				MTL_FAST_MATH = YES;
				ONLY_ACTIVE_ARCH = YES;
				SDKROOT = iphoneos;
				SWIFT_ACTIVE_COMPILATION_CONDITIONS = DEBUG;
				SWIFT_OPTIMIZATION_LEVEL = "-Onone";
			};
			name = Debug;
		};
		CC2F8E8A28DD8A6A0003D4E7 /* Release */ = {
			isa = XCBuildConfiguration;
			buildSettings = {
				ALWAYS_SEARCH_USER_PATHS = NO;
				CLANG_ANALYZER_NONNULL = YES;
				CLANG_ANALYZER_NUMBER_OBJECT_CONVERSION = YES_AGGRESSIVE;
				CLANG_CXX_LANGUAGE_STANDARD = "gnu++20";
				CLANG_ENABLE_MODULES = YES;
				CLANG_ENABLE_OBJC_ARC = YES;
				CLANG_ENABLE_OBJC_WEAK = YES;
				CLANG_WARN_BLOCK_CAPTURE_AUTORELEASING = YES;
				CLANG_WARN_BOOL_CONVERSION = YES;
				CLANG_WARN_COMMA = YES;
				CLANG_WARN_CONSTANT_CONVERSION = YES;
				CLANG_WARN_DEPRECATED_OBJC_IMPLEMENTATIONS = YES;
				CLANG_WARN_DIRECT_OBJC_ISA_USAGE = YES_ERROR;
				CLANG_WARN_DOCUMENTATION_COMMENTS = YES;
				CLANG_WARN_EMPTY_BODY = YES;
				CLANG_WARN_ENUM_CONVERSION = YES;
				CLANG_WARN_INFINITE_RECURSION = YES;
				CLANG_WARN_INT_CONVERSION = YES;
				CLANG_WARN_NON_LITERAL_NULL_CONVERSION = YES;
				CLANG_WARN_OBJC_IMPLICIT_RETAIN_SELF = YES;
				CLANG_WARN_OBJC_LITERAL_CONVERSION = YES;
				CLANG_WARN_OBJC_ROOT_CLASS = YES_ERROR;
				CLANG_WARN_QUOTED_INCLUDE_IN_FRAMEWORK_HEADER = YES;
				CLANG_WARN_RANGE_LOOP_ANALYSIS = YES;
				CLANG_WARN_STRICT_PROTOTYPES = YES;
				CLANG_WARN_SUSPICIOUS_MOVE = YES;
				CLANG_WARN_UNGUARDED_AVAILABILITY = YES_AGGRESSIVE;
				CLANG_WARN_UNREACHABLE_CODE = YES;
				CLANG_WARN__DUPLICATE_METHOD_MATCH = YES;
				COPY_PHASE_STRIP = NO;
				DEBUG_INFORMATION_FORMAT = "dwarf-with-dsym";
				ENABLE_NS_ASSERTIONS = NO;
				ENABLE_STRICT_OBJC_MSGSEND = YES;
				GCC_C_LANGUAGE_STANDARD = gnu11;
				GCC_NO_COMMON_BLOCKS = YES;
				GCC_WARN_64_TO_32_BIT_CONVERSION = YES;
				GCC_WARN_ABOUT_RETURN_TYPE = YES_ERROR;
				GCC_WARN_UNDECLARED_SELECTOR = YES;
				GCC_WARN_UNINITIALIZED_AUTOS = YES_AGGRESSIVE;
				GCC_WARN_UNUSED_FUNCTION = YES;
				GCC_WARN_UNUSED_VARIABLE = YES;
				IPHONEOS_DEPLOYMENT_TARGET = 16.0;
				MTL_ENABLE_DEBUG_INFO = NO;
				MTL_FAST_MATH = YES;
				SDKROOT = iphoneos;
				SWIFT_COMPILATION_MODE = wholemodule;
				SWIFT_OPTIMIZATION_LEVEL = "-O";
				VALIDATE_PRODUCT = YES;
			};
			name = Release;
		};
		CC2F8E8C28DD8A6A0003D4E7 /* Debug */ = {
			isa = XCBuildConfiguration;
			buildSettings = {
				ASSETCATALOG_COMPILER_APPICON_NAME = AppIcon;
				ASSETCATALOG_COMPILER_GLOBAL_ACCENT_COLOR_NAME = AccentColor;
				CODE_SIGN_STYLE = Automatic;
				CURRENT_PROJECT_VERSION = 1;
				DEVELOPMENT_TEAM = 62S4K6JNPT;
				GENERATE_INFOPLIST_FILE = YES;
				INFOPLIST_FILE = NoteWizard/Info.plist;
				INFOPLIST_KEY_UIApplicationSupportsIndirectInputEvents = YES;
				INFOPLIST_KEY_UILaunchStoryboardName = LaunchScreen;
				INFOPLIST_KEY_UIMainStoryboardFile = Main;
				INFOPLIST_KEY_UISupportedInterfaceOrientations_iPad = "UIInterfaceOrientationPortrait UIInterfaceOrientationPortraitUpsideDown UIInterfaceOrientationLandscapeLeft UIInterfaceOrientationLandscapeRight";
				INFOPLIST_KEY_UISupportedInterfaceOrientations_iPhone = "UIInterfaceOrientationPortrait UIInterfaceOrientationLandscapeLeft UIInterfaceOrientationLandscapeRight";
				LD_RUNPATH_SEARCH_PATHS = (
					"$(inherited)",
					"@executable_path/Frameworks",
				);
				MARKETING_VERSION = 1.0;
				PRODUCT_BUNDLE_IDENTIFIER = dimaparachute.NoteWizard;
				PRODUCT_NAME = "$(TARGET_NAME)";
				SWIFT_EMIT_LOC_STRINGS = YES;
				SWIFT_VERSION = 5.0;
				TARGETED_DEVICE_FAMILY = "1,2";
			};
			name = Debug;
		};
		CC2F8E8D28DD8A6A0003D4E7 /* Release */ = {
			isa = XCBuildConfiguration;
			buildSettings = {
				ASSETCATALOG_COMPILER_APPICON_NAME = AppIcon;
				ASSETCATALOG_COMPILER_GLOBAL_ACCENT_COLOR_NAME = AccentColor;
				CODE_SIGN_STYLE = Automatic;
				CURRENT_PROJECT_VERSION = 1;
				DEVELOPMENT_TEAM = 62S4K6JNPT;
				GENERATE_INFOPLIST_FILE = YES;
				INFOPLIST_FILE = NoteWizard/Info.plist;
				INFOPLIST_KEY_UIApplicationSupportsIndirectInputEvents = YES;
				INFOPLIST_KEY_UILaunchStoryboardName = LaunchScreen;
				INFOPLIST_KEY_UIMainStoryboardFile = Main;
				INFOPLIST_KEY_UISupportedInterfaceOrientations_iPad = "UIInterfaceOrientationPortrait UIInterfaceOrientationPortraitUpsideDown UIInterfaceOrientationLandscapeLeft UIInterfaceOrientationLandscapeRight";
				INFOPLIST_KEY_UISupportedInterfaceOrientations_iPhone = "UIInterfaceOrientationPortrait UIInterfaceOrientationLandscapeLeft UIInterfaceOrientationLandscapeRight";
				LD_RUNPATH_SEARCH_PATHS = (
					"$(inherited)",
					"@executable_path/Frameworks",
				);
				MARKETING_VERSION = 1.0;
				PRODUCT_BUNDLE_IDENTIFIER = dimaparachute.NoteWizard;
				PRODUCT_NAME = "$(TARGET_NAME)";
				SWIFT_EMIT_LOC_STRINGS = YES;
				SWIFT_VERSION = 5.0;
				TARGETED_DEVICE_FAMILY = "1,2";
			};
			name = Release;
		};
		CC2F8E8F28DD8A6A0003D4E7 /* Debug */ = {
			isa = XCBuildConfiguration;
			buildSettings = {
				ALWAYS_EMBED_SWIFT_STANDARD_LIBRARIES = YES;
				BUNDLE_LOADER = "$(TEST_HOST)";
				CODE_SIGN_STYLE = Automatic;
				CURRENT_PROJECT_VERSION = 1;
				DEVELOPMENT_TEAM = 62S4K6JNPT;
				GENERATE_INFOPLIST_FILE = YES;
				IPHONEOS_DEPLOYMENT_TARGET = 16.0;
				MARKETING_VERSION = 1.0;
				PRODUCT_BUNDLE_IDENTIFIER = dimaparachute.NoteWizardTests;
				PRODUCT_NAME = "$(TARGET_NAME)";
				SWIFT_EMIT_LOC_STRINGS = NO;
				SWIFT_VERSION = 5.0;
				TARGETED_DEVICE_FAMILY = "1,2";
				TEST_HOST = "$(BUILT_PRODUCTS_DIR)/NoteWizard.app/$(BUNDLE_EXECUTABLE_FOLDER_PATH)/NoteWizard";
			};
			name = Debug;
		};
		CC2F8E9028DD8A6A0003D4E7 /* Release */ = {
			isa = XCBuildConfiguration;
			buildSettings = {
				ALWAYS_EMBED_SWIFT_STANDARD_LIBRARIES = YES;
				BUNDLE_LOADER = "$(TEST_HOST)";
				CODE_SIGN_STYLE = Automatic;
				CURRENT_PROJECT_VERSION = 1;
				DEVELOPMENT_TEAM = 62S4K6JNPT;
				GENERATE_INFOPLIST_FILE = YES;
				IPHONEOS_DEPLOYMENT_TARGET = 16.0;
				MARKETING_VERSION = 1.0;
				PRODUCT_BUNDLE_IDENTIFIER = dimaparachute.NoteWizardTests;
				PRODUCT_NAME = "$(TARGET_NAME)";
				SWIFT_EMIT_LOC_STRINGS = NO;
				SWIFT_VERSION = 5.0;
				TARGETED_DEVICE_FAMILY = "1,2";
				TEST_HOST = "$(BUILT_PRODUCTS_DIR)/NoteWizard.app/$(BUNDLE_EXECUTABLE_FOLDER_PATH)/NoteWizard";
			};
			name = Release;
		};
		CC2F8E9228DD8A6A0003D4E7 /* Debug */ = {
			isa = XCBuildConfiguration;
			buildSettings = {
				ALWAYS_EMBED_SWIFT_STANDARD_LIBRARIES = YES;
				CODE_SIGN_STYLE = Automatic;
				CURRENT_PROJECT_VERSION = 1;
				DEVELOPMENT_TEAM = 62S4K6JNPT;
				GENERATE_INFOPLIST_FILE = YES;
				MARKETING_VERSION = 1.0;
				PRODUCT_BUNDLE_IDENTIFIER = dimaparachute.NoteWizardUITests;
				PRODUCT_NAME = "$(TARGET_NAME)";
				SWIFT_EMIT_LOC_STRINGS = NO;
				SWIFT_VERSION = 5.0;
				TARGETED_DEVICE_FAMILY = "1,2";
				TEST_TARGET_NAME = NoteWizard;
			};
			name = Debug;
		};
		CC2F8E9328DD8A6A0003D4E7 /* Release */ = {
			isa = XCBuildConfiguration;
			buildSettings = {
				ALWAYS_EMBED_SWIFT_STANDARD_LIBRARIES = YES;
				CODE_SIGN_STYLE = Automatic;
				CURRENT_PROJECT_VERSION = 1;
				DEVELOPMENT_TEAM = 62S4K6JNPT;
				GENERATE_INFOPLIST_FILE = YES;
				MARKETING_VERSION = 1.0;
				PRODUCT_BUNDLE_IDENTIFIER = dimaparachute.NoteWizardUITests;
				PRODUCT_NAME = "$(TARGET_NAME)";
				SWIFT_EMIT_LOC_STRINGS = NO;
				SWIFT_VERSION = 5.0;
				TARGETED_DEVICE_FAMILY = "1,2";
				TEST_TARGET_NAME = NoteWizard;
			};
			name = Release;
		};
/* End XCBuildConfiguration section */

/* Begin XCConfigurationList section */
		CC2F8E5928DD8A690003D4E7 /* Build configuration list for PBXProject "NoteWizard" */ = {
			isa = XCConfigurationList;
			buildConfigurations = (
				CC2F8E8928DD8A6A0003D4E7 /* Debug */,
				CC2F8E8A28DD8A6A0003D4E7 /* Release */,
			);
			defaultConfigurationIsVisible = 0;
			defaultConfigurationName = Release;
		};
		CC2F8E8B28DD8A6A0003D4E7 /* Build configuration list for PBXNativeTarget "NoteWizard" */ = {
			isa = XCConfigurationList;
			buildConfigurations = (
				CC2F8E8C28DD8A6A0003D4E7 /* Debug */,
				CC2F8E8D28DD8A6A0003D4E7 /* Release */,
			);
			defaultConfigurationIsVisible = 0;
			defaultConfigurationName = Release;
		};
		CC2F8E8E28DD8A6A0003D4E7 /* Build configuration list for PBXNativeTarget "NoteWizardTests" */ = {
			isa = XCConfigurationList;
			buildConfigurations = (
				CC2F8E8F28DD8A6A0003D4E7 /* Debug */,
				CC2F8E9028DD8A6A0003D4E7 /* Release */,
			);
			defaultConfigurationIsVisible = 0;
			defaultConfigurationName = Release;
		};
		CC2F8E9128DD8A6A0003D4E7 /* Build configuration list for PBXNativeTarget "NoteWizardUITests" */ = {
			isa = XCConfigurationList;
			buildConfigurations = (
				CC2F8E9228DD8A6A0003D4E7 /* Debug */,
				CC2F8E9328DD8A6A0003D4E7 /* Release */,
			);
			defaultConfigurationIsVisible = 0;
			defaultConfigurationName = Release;
		};
/* End XCConfigurationList section */

/* Begin XCVersionGroup section */
		CC2F8E6A28DD8A690003D4E7 /* NoteWizard.xcdatamodeld */ = {
			isa = XCVersionGroup;
			children = (
				CC2F8E6B28DD8A690003D4E7 /* NoteWizard.xcdatamodel */,
			);
			currentVersion = CC2F8E6B28DD8A690003D4E7 /* NoteWizard.xcdatamodel */;
			path = NoteWizard.xcdatamodeld;
			sourceTree = "<group>";
			versionGroupType = wrapper.xcdatamodel;
		};
/* End XCVersionGroup section */
	};
	rootObject = CC2F8E5628DD8A690003D4E7 /* Project object */;
}
